Microsoft Visual Studio Solution File, Format Version 12.00
# Visual Studio 15
Project("{8BC9CEB8-8B4A-11D0-8D11-00A0C91BC942}") = "ALL_BUILD", "ALL_BUILD.vcxproj", "{0C40A710-37F9-3556-A99F-85A209857AEE}"
	ProjectSection(ProjectDependencies) = postProject
		{19795E04-23E1-3136-96FB-48594662E1E8} = {19795E04-23E1-3136-96FB-48594662E1E8}
		{AA23092E-265D-38D5-A69C-CBBA6E36AAA8} = {AA23092E-265D-38D5-A69C-CBBA6E36AAA8}
		{A5DC31C1-5C1B-3FC0-9C80-BC3D17612DBB} = {A5DC31C1-5C1B-3FC0-9C80-BC3D17612DBB}
		{A76CAD3F-0A7E-3888-868D-8FC11CC4C796} = {A76CAD3F-0A7E-3888-868D-8FC11CC4C796}
		{8E47B67B-0D8E-3914-A2D3-FBA5FE82C913} = {8E47B67B-0D8E-3914-A2D3-FBA5FE82C913}
		{B0DE08ED-84CA-35B5-8AFD-5CC63A14F3D8} = {B0DE08ED-84CA-35B5-8AFD-5CC63A14F3D8}
		{E2776106-51A8-32DB-8DD0-52CF3C654ABB} = {E2776106-51A8-32DB-8DD0-52CF3C654ABB}
		{3781FCB9-D2F7-3005-8845-955C4D414090} = {3781FCB9-D2F7-3005-8845-955C4D414090}
		{A1DDF930-299C-3C03-B63E-E6B4534844C7} = {A1DDF930-299C-3C03-B63E-E6B4534844C7}
		{98D10E7E-D7A6-303A-9AFD-6306EC2733B6} = {98D10E7E-D7A6-303A-9AFD-6306EC2733B6}
		{155B30E1-F80B-3024-AD10-EC84688C13D9} = {155B30E1-F80B-3024-AD10-EC84688C13D9}
		{7EF2FC4D-3236-3592-A8D0-52779DF55A14} = {7EF2FC4D-3236-3592-A8D0-52779DF55A14}
	EndProjectSection
EndProject
Project("{8BC9CEB8-8B4A-11D0-8D11-00A0C91BC942}") = "ZERO_CHECK", "ZERO_CHECK.vcxproj", "{19795E04-23E1-3136-96FB-48594662E1E8}"
	ProjectSection(ProjectDependencies) = postProject
	EndProjectSection
EndProject
Project("{8BC9CEB8-8B4A-11D0-8D11-00A0C91BC942}") = "afl-fuzz", "afl-fuzz.vcxproj", "{AA23092E-265D-38D5-A69C-CBBA6E36AAA8}"
	ProjectSection(ProjectDependencies) = postProject
		{19795E04-23E1-3136-96FB-48594662E1E8} = {19795E04-23E1-3136-96FB-48594662E1E8}
	EndProjectSection
EndProject
Project("{8BC9CEB8-8B4A-11D0-8D11-00A0C91BC942}") = "afl-showmap", "afl-showmap.vcxproj", "{A5DC31C1-5C1B-3FC0-9C80-BC3D17612DBB}"
	ProjectSection(ProjectDependencies) = postProject
		{19795E04-23E1-3136-96FB-48594662E1E8} = {19795E04-23E1-3136-96FB-48594662E1E8}
	EndProjectSection
EndProject
Project("{8BC9CEB8-8B4A-11D0-8D11-00A0C91BC942}") = "afl-tmin", "afl-tmin.vcxproj", "{A76CAD3F-0A7E-3888-868D-8FC11CC4C796}"
	ProjectSection(ProjectDependencies) = postProject
		{19795E04-23E1-3136-96FB-48594662E1E8} = {19795E04-23E1-3136-96FB-48594662E1E8}
	EndProjectSection
EndProject
Project("{8BC9CEB8-8B4A-11D0-8D11-00A0C91BC942}") = "custom_net_fuzzer", "custom_net_fuzzer.vcxproj", "{8E47B67B-0D8E-3914-A2D3-FBA5FE82C913}"
	ProjectSection(ProjectDependencies) = postProject
		{19795E04-23E1-3136-96FB-48594662E1E8} = {19795E04-23E1-3136-96FB-48594662E1E8}
	EndProjectSection
EndProject
Project("{8BC9CEB8-8B4A-11D0-8D11-00A0C91BC942}") = "custom_winafl_server", "custom_winafl_server.vcxproj", "{B0DE08ED-84CA-35B5-8AFD-5CC63A14F3D8}"
	ProjectSection(ProjectDependencies) = postProject
		{19795E04-23E1-3136-96FB-48594662E1E8} = {19795E04-23E1-3136-96FB-48594662E1E8}
	EndProjectSection
EndProject
Project("{8BC9CEB8-8B4A-11D0-8D11-00A0C91BC942}") = "test", "test.vcxproj", "{E2776106-51A8-32DB-8DD0-52CF3C654ABB}"
	ProjectSection(ProjectDependencies) = postProject
		{19795E04-23E1-3136-96FB-48594662E1E8} = {19795E04-23E1-3136-96FB-48594662E1E8}
	EndProjectSection
EndProject
Project("{8BC9CEB8-8B4A-11D0-8D11-00A0C91BC942}") = "test_gdiplus", "test_gdiplus.vcxproj", "{3781FCB9-D2F7-3005-8845-955C4D414090}"
	ProjectSection(ProjectDependencies) = postProject
		{19795E04-23E1-3136-96FB-48594662E1E8} = {19795E04-23E1-3136-96FB-48594662E1E8}
	EndProjectSection
EndProject
Project("{8BC9CEB8-8B4A-11D0-8D11-00A0C91BC942}") = "test_netmode", "test_netmode.vcxproj", "{A1DDF930-299C-3C03-B63E-E6B4534844C7}"
	ProjectSection(ProjectDependencies) = postProject
		{19795E04-23E1-3136-96FB-48594662E1E8} = {19795E04-23E1-3136-96FB-48594662E1E8}
	EndProjectSection
EndProject
Project("{8BC9CEB8-8B4A-11D0-8D11-00A0C91BC942}") = "test_servermode", "test_servermode.vcxproj", "{98D10E7E-D7A6-303A-9AFD-6306EC2733B6}"
	ProjectSection(ProjectDependencies) = postProject
		{19795E04-23E1-3136-96FB-48594662E1E8} = {19795E04-23E1-3136-96FB-48594662E1E8}
	EndProjectSection
EndProject
Project("{8BC9CEB8-8B4A-11D0-8D11-00A0C91BC942}") = "test_static", "test_static.vcxproj", "{155B30E1-F80B-3024-AD10-EC84688C13D9}"
	ProjectSection(ProjectDependencies) = postProject
		{19795E04-23E1-3136-96FB-48594662E1E8} = {19795E04-23E1-3136-96FB-48594662E1E8}
	EndProjectSection
EndProject
Project("{8BC9CEB8-8B4A-11D0-8D11-00A0C91BC942}") = "winafl", "winafl.vcxproj", "{7EF2FC4D-3236-3592-A8D0-52779DF55A14}"
	ProjectSection(ProjectDependencies) = postProject
		{19795E04-23E1-3136-96FB-48594662E1E8} = {19795E04-23E1-3136-96FB-48594662E1E8}
	EndProjectSection
EndProject
Global
	GlobalSection(SolutionConfigurationPlatforms) = preSolution
		Debug|Win32 = Debug|Win32
		Release|Win32 = Release|Win32
		MinSizeRel|Win32 = MinSizeRel|Win32
		RelWithDebInfo|Win32 = RelWithDebInfo|Win32
	EndGlobalSection
	GlobalSection(ProjectConfigurationPlatforms) = postSolution
		{0C40A710-37F9-3556-A99F-85A209857AEE}.Debug|Win32.ActiveCfg = Debug|Win32
		{0C40A710-37F9-3556-A99F-85A209857AEE}.Release|Win32.ActiveCfg = Release|Win32
		{0C40A710-37F9-3556-A99F-85A209857AEE}.MinSizeRel|Win32.ActiveCfg = MinSizeRel|Win32
		{0C40A710-37F9-3556-A99F-85A209857AEE}.RelWithDebInfo|Win32.ActiveCfg = RelWithDebInfo|Win32
		{19795E04-23E1-3136-96FB-48594662E1E8}.Debug|Win32.ActiveCfg = Debug|Win32
		{19795E04-23E1-3136-96FB-48594662E1E8}.Debug|Win32.Build.0 = Debug|Win32
		{19795E04-23E1-3136-96FB-48594662E1E8}.Release|Win32.ActiveCfg = Release|Win32
		{19795E04-23E1-3136-96FB-48594662E1E8}.Release|Win32.Build.0 = Release|Win32
		{19795E04-23E1-3136-96FB-48594662E1E8}.MinSizeRel|Win32.ActiveCfg = MinSizeRel|Win32
		{19795E04-23E1-3136-96FB-48594662E1E8}.MinSizeRel|Win32.Build.0 = MinSizeRel|Win32
		{19795E04-23E1-3136-96FB-48594662E1E8}.RelWithDebInfo|Win32.ActiveCfg = RelWithDebInfo|Win32
		{19795E04-23E1-3136-96FB-48594662E1E8}.RelWithDebInfo|Win32.Build.0 = RelWithDebInfo|Win32
		{AA23092E-265D-38D5-A69C-CBBA6E36AAA8}.Debug|Win32.ActiveCfg = Debug|Win32
		{AA23092E-265D-38D5-A69C-CBBA6E36AAA8}.Debug|Win32.Build.0 = Debug|Win32
		{AA23092E-265D-38D5-A69C-CBBA6E36AAA8}.Release|Win32.ActiveCfg = Release|Win32
		{AA23092E-265D-38D5-A69C-CBBA6E36AAA8}.Release|Win32.Build.0 = Release|Win32
		{AA23092E-265D-38D5-A69C-CBBA6E36AAA8}.MinSizeRel|Win32.ActiveCfg = MinSizeRel|Win32
		{AA23092E-265D-38D5-A69C-CBBA6E36AAA8}.MinSizeRel|Win32.Build.0 = MinSizeRel|Win32
		{AA23092E-265D-38D5-A69C-CBBA6E36AAA8}.RelWithDebInfo|Win32.ActiveCfg = RelWithDebInfo|Win32
		{AA23092E-265D-38D5-A69C-CBBA6E36AAA8}.RelWithDebInfo|Win32.Build.0 = RelWithDebInfo|Win32
		{A5DC31C1-5C1B-3FC0-9C80-BC3D17612DBB}.Debug|Win32.ActiveCfg = Debug|Win32
		{A5DC31C1-5C1B-3FC0-9C80-BC3D17612DBB}.Debug|Win32.Build.0 = Debug|Win32
		{A5DC31C1-5C1B-3FC0-9C80-BC3D17612DBB}.Release|Win32.ActiveCfg = Release|Win32
		{A5DC31C1-5C1B-3FC0-9C80-BC3D17612DBB}.Release|Win32.Build.0 = Release|Win32
		{A5DC31C1-5C1B-3FC0-9C80-BC3D17612DBB}.MinSizeRel|Win32.ActiveCfg = MinSizeRel|Win32
		{A5DC31C1-5C1B-3FC0-9C80-BC3D17612DBB}.MinSizeRel|Win32.Build.0 = MinSizeRel|Win32
		{A5DC31C1-5C1B-3FC0-9C80-BC3D17612DBB}.RelWithDebInfo|Win32.ActiveCfg = RelWithDebInfo|Win32
		{A5DC31C1-5C1B-3FC0-9C80-BC3D17612DBB}.RelWithDebInfo|Win32.Build.0 = RelWithDebInfo|Win32
		{A76CAD3F-0A7E-3888-868D-8FC11CC4C796}.Debug|Win32.ActiveCfg = Debug|Win32
		{A76CAD3F-0A7E-3888-868D-8FC11CC4C796}.Debug|Win32.Build.0 = Debug|Win32
		{A76CAD3F-0A7E-3888-868D-8FC11CC4C796}.Release|Win32.ActiveCfg = Release|Win32
		{A76CAD3F-0A7E-3888-868D-8FC11CC4C796}.Release|Win32.Build.0 = Release|Win32
		{A76CAD3F-0A7E-3888-868D-8FC11CC4C796}.MinSizeRel|Win32.ActiveCfg = MinSizeRel|Win32
		{A76CAD3F-0A7E-3888-868D-8FC11CC4C796}.MinSizeRel|Win32.Build.0 = MinSizeRel|Win32
		{A76CAD3F-0A7E-3888-868D-8FC11CC4C796}.RelWithDebInfo|Win32.ActiveCfg = RelWithDebInfo|Win32
		{A76CAD3F-0A7E-3888-868D-8FC11CC4C796}.RelWithDebInfo|Win32.Build.0 = RelWithDebInfo|Win32
		{8E47B67B-0D8E-3914-A2D3-FBA5FE82C913}.Debug|Win32.ActiveCfg = Debug|Win32
		{8E47B67B-0D8E-3914-A2D3-FBA5FE82C913}.Debug|Win32.Build.0 = Debug|Win32
		{8E47B67B-0D8E-3914-A2D3-FBA5FE82C913}.Release|Win32.ActiveCfg = Release|Win32
		{8E47B67B-0D8E-3914-A2D3-FBA5FE82C913}.Release|Win32.Build.0 = Release|Win32
		{8E47B67B-0D8E-3914-A2D3-FBA5FE82C913}.MinSizeRel|Win32.ActiveCfg = MinSizeRel|Win32
		{8E47B67B-0D8E-3914-A2D3-FBA5FE82C913}.MinSizeRel|Win32.Build.0 = MinSizeRel|Win32
		{8E47B67B-0D8E-3914-A2D3-FBA5FE82C913}.RelWithDebInfo|Win32.ActiveCfg = RelWithDebInfo|Win32
		{8E47B67B-0D8E-3914-A2D3-FBA5FE82C913}.RelWithDebInfo|Win32.Build.0 = RelWithDebInfo|Win32
		{B0DE08ED-84CA-35B5-8AFD-5CC63A14F3D8}.Debug|Win32.ActiveCfg = Debug|Win32
		{B0DE08ED-84CA-35B5-8AFD-5CC63A14F3D8}.Debug|Win32.Build.0 = Debug|Win32
		{B0DE08ED-84CA-35B5-8AFD-5CC63A14F3D8}.Release|Win32.ActiveCfg = Release|Win32
		{B0DE08ED-84CA-35B5-8AFD-5CC63A14F3D8}.Release|Win32.Build.0 = Release|Win32
		{B0DE08ED-84CA-35B5-8AFD-5CC63A14F3D8}.MinSizeRel|Win32.ActiveCfg = MinSizeRel|Win32
		{B0DE08ED-84CA-35B5-8AFD-5CC63A14F3D8}.MinSizeRel|Win32.Build.0 = MinSizeRel|Win32
		{B0DE08ED-84CA-35B5-8AFD-5CC63A14F3D8}.RelWithDebInfo|Win32.ActiveCfg = RelWithDebInfo|Win32
		{B0DE08ED-84CA-35B5-8AFD-5CC63A14F3D8}.RelWithDebInfo|Win32.Build.0 = RelWithDebInfo|Win32
		{E2776106-51A8-32DB-8DD0-52CF3C654ABB}.Debug|Win32.ActiveCfg = Debug|Win32
		{E2776106-51A8-32DB-8DD0-52CF3C654ABB}.Debug|Win32.Build.0 = Debug|Win32
		{E2776106-51A8-32DB-8DD0-52CF3C654ABB}.Release|Win32.ActiveCfg = Release|Win32
		{E2776106-51A8-32DB-8DD0-52CF3C654ABB}.Release|Win32.Build.0 = Release|Win32
		{E2776106-51A8-32DB-8DD0-52CF3C654ABB}.MinSizeRel|Win32.ActiveCfg = MinSizeRel|Win32
		{E2776106-51A8-32DB-8DD0-52CF3C654ABB}.MinSizeRel|Win32.Build.0 = MinSizeRel|Win32
		{E2776106-51A8-32DB-8DD0-52CF3C654ABB}.RelWithDebInfo|Win32.ActiveCfg = RelWithDebInfo|Win32
		{E2776106-51A8-32DB-8DD0-52CF3C654ABB}.RelWithDebInfo|Win32.Build.0 = RelWithDebInfo|Win32
		{3781FCB9-D2F7-3005-8845-955C4D414090}.Debug|Win32.ActiveCfg = Debug|Win32
		{3781FCB9-D2F7-3005-8845-955C4D414090}.Debug|Win32.Build.0 = Debug|Win32
		{3781FCB9-D2F7-3005-8845-955C4D414090}.Release|Win32.ActiveCfg = Release|Win32
		{3781FCB9-D2F7-3005-8845-955C4D414090}.Release|Win32.Build.0 = Release|Win32
		{3781FCB9-D2F7-3005-8845-955C4D414090}.MinSizeRel|Win32.ActiveCfg = MinSizeRel|Win32
		{3781FCB9-D2F7-3005-8845-955C4D414090}.MinSizeRel|Win32.Build.0 = MinSizeRel|Win32
		{3781FCB9-D2F7-3005-8845-955C4D414090}.RelWithDebInfo|Win32.ActiveCfg = RelWithDebInfo|Win32
		{3781FCB9-D2F7-3005-8845-955C4D414090}.RelWithDebInfo|Win32.Build.0 = RelWithDebInfo|Win32
		{A1DDF930-299C-3C03-B63E-E6B4534844C7}.Debug|Win32.ActiveCfg = Debug|Win32
		{A1DDF930-299C-3C03-B63E-E6B4534844C7}.Debug|Win32.Build.0 = Debug|Win32
		{A1DDF930-299C-3C03-B63E-E6B4534844C7}.Release|Win32.ActiveCfg = Release|Win32
		{A1DDF930-299C-3C03-B63E-E6B4534844C7}.Release|Win32.Build.0 = Release|Win32
		{A1DDF930-299C-3C03-B63E-E6B4534844C7}.MinSizeRel|Win32.ActiveCfg = MinSizeRel|Win32
		{A1DDF930-299C-3C03-B63E-E6B4534844C7}.MinSizeRel|Win32.Build.0 = MinSizeRel|Win32
		{A1DDF930-299C-3C03-B63E-E6B4534844C7}.RelWithDebInfo|Win32.ActiveCfg = RelWithDebInfo|Win32
		{A1DDF930-299C-3C03-B63E-E6B4534844C7}.RelWithDebInfo|Win32.Build.0 = RelWithDebInfo|Win32
		{98D10E7E-D7A6-303A-9AFD-6306EC2733B6}.Debug|Win32.ActiveCfg = Debug|Win32
		{98D10E7E-D7A6-303A-9AFD-6306EC2733B6}.Debug|Win32.Build.0 = Debug|Win32
		{98D10E7E-D7A6-303A-9AFD-6306EC2733B6}.Release|Win32.ActiveCfg = Release|Win32
		{98D10E7E-D7A6-303A-9AFD-6306EC2733B6}.Release|Win32.Build.0 = Release|Win32
		{98D10E7E-D7A6-303A-9AFD-6306EC2733B6}.MinSizeRel|Win32.ActiveCfg = MinSizeRel|Win32
		{98D10E7E-D7A6-303A-9AFD-6306EC2733B6}.MinSizeRel|Win32.Build.0 = MinSizeRel|Win32
		{98D10E7E-D7A6-303A-9AFD-6306EC2733B6}.RelWithDebInfo|Win32.ActiveCfg = RelWithDebInfo|Win32
		{98D10E7E-D7A6-303A-9AFD-6306EC2733B6}.RelWithDebInfo|Win32.Build.0 = RelWithDebInfo|Win32
		{155B30E1-F80B-3024-AD10-EC84688C13D9}.Debug|Win32.ActiveCfg = Debug|Win32
		{155B30E1-F80B-3024-AD10-EC84688C13D9}.Debug|Win32.Build.0 = Debug|Win32
		{155B30E1-F80B-3024-AD10-EC84688C13D9}.Release|Win32.ActiveCfg = Release|Win32
		{155B30E1-F80B-3024-AD10-EC84688C13D9}.Release|Win32.Build.0 = Release|Win32
		{155B30E1-F80B-3024-AD10-EC84688C13D9}.MinSizeRel|Win32.ActiveCfg = MinSizeRel|Win32
		{155B30E1-F80B-3024-AD10-EC84688C13D9}.MinSizeRel|Win32.Build.0 = MinSizeRel|Win32
		{155B30E1-F80B-3024-AD10-EC84688C13D9}.RelWithDebInfo|Win32.ActiveCfg = RelWithDebInfo|Win32
		{155B30E1-F80B-3024-AD10-EC84688C13D9}.RelWithDebInfo|Win32.Build.0 = RelWithDebInfo|Win32
		{7EF2FC4D-3236-3592-A8D0-52779DF55A14}.Debug|Win32.ActiveCfg = Debug|Win32
		{7EF2FC4D-3236-3592-A8D0-52779DF55A14}.Debug|Win32.Build.0 = Debug|Win32
		{7EF2FC4D-3236-3592-A8D0-52779DF55A14}.Release|Win32.ActiveCfg = Release|Win32
		{7EF2FC4D-3236-3592-A8D0-52779DF55A14}.Release|Win32.Build.0 = Release|Win32
		{7EF2FC4D-3236-3592-A8D0-52779DF55A14}.MinSizeRel|Win32.ActiveCfg = MinSizeRel|Win32
		{7EF2FC4D-3236-3592-A8D0-52779DF55A14}.MinSizeRel|Win32.Build.0 = MinSizeRel|Win32
		{7EF2FC4D-3236-3592-A8D0-52779DF55A14}.RelWithDebInfo|Win32.ActiveCfg = RelWithDebInfo|Win32
		{7EF2FC4D-3236-3592-A8D0-52779DF55A14}.RelWithDebInfo|Win32.Build.0 = RelWithDebInfo|Win32
	EndGlobalSection
	GlobalSection(ExtensibilityGlobals) = postSolution
		SolutionGuid = {FA1B06CF-BF10-38FA-BD7E-3C601145F26B}
	EndGlobalSection
	GlobalSection(ExtensibilityAddIns) = postSolution
	EndGlobalSection
EndGlobal
